
Microsoft Visual Studio Solution File, Format Version 12.00
Project("{FAE04EC0-301F-11D3-BF4B-00C04F79EFBC}") = "BlazorExample", "BlazorExample\BlazorExample.csproj", "{9E143A44-5AA9-47CB-8591-E633C4AF8A60}"
EndProject
Global
	GlobalSection(SolutionConfigurationPlatforms) = preSolution
		Debug|Any CPU = Debug|Any CPU
		Release|Any CPU = Release|Any CPU
	EndGlobalSection
	GlobalSection(ProjectConfigurationPlatforms) = postSolution
		{9E143A44-5AA9-47CB-8591-E633C4AF8A60}.Debug|Any CPU.ActiveCfg = Debug|Any CPU
		{9E143A44-5AA9-47CB-8591-E633C4AF8A60}.Debug|Any CPU.Build.0 = Debug|Any CPU
		{9E143A44-5AA9-47CB-8591-E633C4AF8A60}.Release|Any CPU.ActiveCfg = Release|Any CPU
		{9E143A44-5AA9-47CB-8591-E633C4AF8A60}.Release|Any CPU.Build.0 = Release|Any CPU
	EndGlobalSection
EndGlobal
